{
  "name": "zroworld",
  "version": "1.0.0",
  "lockfileVersion": 1,
  "requires": true,
  "dependencies": {
    "@babylonjs/core": {
      "version": "4.1.0",
      "resolved": "https://registry.npmjs.org/@babylonjs/core/-/core-4.1.0.tgz",
      "integrity": "sha512-4pEKPEu14qRdqH5qatfmns/iHFHmujDI22SXkHIlJhTT0WgJH4I8IN1fPw9sU6jSCH2ul76Lpbi2zREvfrEDQA==",
      "requires": {
        "tslib": "^1.10.0"
      }
    },
    "@babylonjs/loaders": {
      "version": "4.1.0",
      "resolved": "https://registry.npmjs.org/@babylonjs/loaders/-/loaders-4.1.0.tgz",
      "integrity": "sha512-stK/QygoNhdrJ9q8yNyZ7iE8Eu+dpwBviSoEigLX5IwHFJUmyxeI0LIZpjRAP2GRB96kqLrBsIBdWEwk076w/g==",
      "requires": {
        "@babylonjs/core": "4.1.0",
        "babylonjs-gltf2interface": "4.1.0",
        "tslib": "^1.10.0"
      }
    },
    "@pixiv/three-vrm": {
      "version": "0.3.4",
      "resolved": "https://registry.npmjs.org/@pixiv/three-vrm/-/three-vrm-0.3.4.tgz",
      "integrity": "sha512-Fe4vdVFiFPklXeDxmFxUSUnfKB+OA3+3J5HcuAvmD1ymy+oxjbXNnyTs3CeHcuhsYkUNJJKfGBxxdK/OQqM3zg=="
    },
    "babylon-mtoon-material": {
      "version": "2.0.0",
      "resolved": "https://registry.npmjs.org/babylon-mtoon-material/-/babylon-mtoon-material-2.0.0.tgz",
      "integrity": "sha512-DBeYM9owZTv+QpHeTvXwaShxmgSZ6+9Qxcm0Ef15UbRTbI2XKbT4eTpmeQXncX18gOr/t5Hgbkdc7qA+50XlSQ=="
    },
    "babylon-vrm-loader": {
      "version": "1.4.12",
      "resolved": "https://registry.npmjs.org/babylon-vrm-loader/-/babylon-vrm-loader-1.4.12.tgz",
      "integrity": "sha512-k9IKA+R5aMbURbxn4dywWIcE4tyTyJrrLtYTRb/dJW546Zn21Fy3uCs14gdjNd2IwlxC71Nh17pJvE13EcXVkg==",
      "requires": {
        "babylon-mtoon-material": "^2.0.0"
      }
    },
    "babylonjs-gltf2interface": {
      "version": "4.1.0",
      "resolved": "https://registry.npmjs.org/babylonjs-gltf2interface/-/babylonjs-gltf2interface-4.1.0.tgz",
      "integrity": "sha512-H2obg+4t8bcmLyzGiOQqmUaTQqTu+6mJUlsMWZvmRBf0k2fQVeTdAkH7aDy6HVIz/THvpIx4ntG1Lsyquvmc5Q=="
    },
    "balanced-match": {
      "version": "1.0.0",
      "resolved": "https://registry.npmjs.org/balanced-match/-/balanced-match-1.0.0.tgz",
      "integrity": "sha1-ibTRmasr7kneFk6gK4nORi1xt2c=",
      "dev": true
    },
    "big.js": {
      "version": "5.2.2",
      "resolved": "https://registry.npmjs.org/big.js/-/big.js-5.2.2.tgz",
      "integrity": "sha512-vyL2OymJxmarO8gxMr0mhChsO9QGwhynfuu4+MHTAW6czfq9humCB7rKpUjDd9YUiDPU4mzpyupFSvOClAwbmQ=="
    },
    "brace-expansion": {
      "version": "1.1.11",
      "resolved": "https://registry.npmjs.org/brace-expansion/-/brace-expansion-1.1.11.tgz",
      "integrity": "sha512-iCuPHDFgrHX7H2vEI/5xpz07zSHB00TpugqhmYtVmMO6518mCuRMoOYFldEBl0g187ufozdaHgWKcYFb61qGiA==",
      "dev": true,
      "requires": {
        "balanced-match": "^1.0.0",
        "concat-map": "0.0.1"
      }
    },
    "concat-map": {
      "version": "0.0.1",
      "resolved": "https://registry.npmjs.org/concat-map/-/concat-map-0.0.1.tgz",
      "integrity": "sha1-2Klr13/Wjfd5OnMDajug1UBdR3s=",
      "dev": true
    },
    "emojis-list": {
      "version": "3.0.0",
      "resolved": "https://registry.npmjs.org/emojis-list/-/emojis-list-3.0.0.tgz",
      "integrity": "sha512-/kyM18EfinwXZbno9FyUGeFh87KC8HRQBQGildHZbEuRyWFOmv1U10o9BBp8XVZDVNNuQKyIGIu5ZYAAXJ0V2Q=="
    },
    "eventemitter3": {
      "version": "3.1.2",
      "resolved": "https://registry.npmjs.org/eventemitter3/-/eventemitter3-3.1.2.tgz",
      "integrity": "sha512-tvtQIeLVHjDkJYnzf2dgVMxfuSGJeM/7UCG17TT4EumTfNtF+0nebF/4zWOIkCreAbtNqhGEboB6BWrwqNaw4Q=="
    },
    "exports-loader": {
      "version": "0.7.0",
      "resolved": "https://registry.npmjs.org/exports-loader/-/exports-loader-0.7.0.tgz",
      "integrity": "sha512-RKwCrO4A6IiKm0pG3c9V46JxIHcDplwwGJn6+JJ1RcVnh/WSGJa0xkmk5cRVtgOPzCAtTMGj2F7nluh9L0vpSA==",
      "requires": {
        "loader-utils": "^1.1.0",
        "source-map": "0.5.0"
      }
    },
    "file-match": {
      "version": "1.0.2",
      "resolved": "https://registry.npmjs.org/file-match/-/file-match-1.0.2.tgz",
      "integrity": "sha1-ycrSZdLIrfOoFHWw30dYWQafrvc=",
      "dev": true,
      "requires": {
        "utils-extend": "^1.0.6"
      }
    },
    "file-system": {
      "version": "2.2.2",
      "resolved": "https://registry.npmjs.org/file-system/-/file-system-2.2.2.tgz",
      "integrity": "sha1-fWWDPjojR9zZVqgTxncVPtPt2Yc=",
      "dev": true,
      "requires": {
        "file-match": "^1.0.1",
        "utils-extend": "^1.0.4"
      }
    },
    "imports-loader": {
      "version": "0.8.0",
      "resolved": "https://registry.npmjs.org/imports-loader/-/imports-loader-0.8.0.tgz",
      "integrity": "sha512-kXWL7Scp8KQ4552ZcdVTeaQCZSLW+e6nJfp3cwUMB673T7Hr98Xjx5JK+ql7ADlJUvj1JS5O01RLbKoutN5QDQ==",
      "requires": {
        "loader-utils": "^1.0.2",
        "source-map": "^0.6.1"
      },
      "dependencies": {
        "source-map": {
          "version": "0.6.1",
          "resolved": "https://registry.npmjs.org/source-map/-/source-map-0.6.1.tgz",
          "integrity": "sha512-UjgapumWlbMhkBgzT7Ykc5YXUT46F0iKu8SGXq0bcwP5dz/h0Plj6enJqjz1Zbq2l5WaqYnrVbwWOWMyF3F47g=="
        }
      }
    },
    "inherits": {
      "version": "2.0.3",
      "resolved": "https://registry.npmjs.org/inherits/-/inherits-2.0.3.tgz",
      "integrity": "sha1-Yzwsg+PaQqUC9SRmAiSA9CCCYd4="
    },
    "json5": {
      "version": "1.0.1",
      "resolved": "https://registry.npmjs.org/json5/-/json5-1.0.1.tgz",
      "integrity": "sha512-aKS4WQjPenRxiQsC93MNfjx+nbF4PAdYzmd/1JIj8HYzqfbu86beTuNgXDzPknWk0n0uARlyewZo4s++ES36Ow==",
      "requires": {
        "minimist": "^1.2.0"
      }
    },
    "loader-utils": {
      "version": "1.4.0",
      "resolved": "https://registry.npmjs.org/loader-utils/-/loader-utils-1.4.0.tgz",
      "integrity": "sha512-qH0WSMBtn/oHuwjy/NucEgbx5dbxxnxup9s4PVXJUDHZBQY+s0NWA9rJf53RBnQZxfch7euUui7hpoAPvALZdA==",
      "requires": {
        "big.js": "^5.2.2",
        "emojis-list": "^3.0.0",
        "json5": "^1.0.1"
      }
    },
    "minimatch": {
      "version": "3.0.4",
      "resolved": "https://registry.npmjs.org/minimatch/-/minimatch-3.0.4.tgz",
      "integrity": "sha512-yJHVQEhyqPLUTgt9B83PXu6W3rx4MvvHvSUvToogpwoGDOUQ+yDrR0HRot+yOCdCO7u4hX3pWft6kWBBcqh0UA==",
      "dev": true,
      "requires": {
        "brace-expansion": "^1.1.7"
      }
    },
    "minimist": {
      "version": "1.2.5",
      "resolved": "https://registry.npmjs.org/minimist/-/minimist-1.2.5.tgz",
      "integrity": "sha512-FM9nNUYrRBAELZQT3xeZQ7fmMOBg6nWNmJKTcgsJeaLstP/UODVpGsr5OhXhhXg6f+qtJ8uiZ+PUxkDWcgIXLw=="
    },
    "parcel-plugin-static-files-copy": {
      "version": "2.3.1",
      "resolved": "https://registry.npmjs.org/parcel-plugin-static-files-copy/-/parcel-plugin-static-files-copy-2.3.1.tgz",
      "integrity": "sha512-yqB1bhSK+hbfxSjc1y/gBc+Fm6bedNrofx75wgnI0sP+6oEBqjyN51tlJVLu6pZhBLi11ZFwAM2XubCUh2G0+A==",
      "dev": true,
      "requires": {
        "file-system": "2.2.2",
        "minimatch": "3.0.4",
        "path": "0.12.7"
      }
    },
    "path": {
      "version": "0.12.7",
      "resolved": "https://registry.npmjs.org/path/-/path-0.12.7.tgz",
      "integrity": "sha1-1NwqUGxM4hl+tIHr/NWzbAFAsQ8=",
      "requires": {
        "process": "^0.11.1",
        "util": "^0.10.3"
      }
    },
    "phaser": {
      "version": "3.23.0",
      "resolved": "https://registry.npmjs.org/phaser/-/phaser-3.23.0.tgz",
      "integrity": "sha512-tl8dZT5onDxor8Yf+QjxAk2fY4E0vy3oxc+ZsZiI8ppDwr3gWz7XA6hjVRnmEbAF64NcjRwWLU80VvKLi81VtQ==",
      "requires": {
        "eventemitter3": "^3.1.0",
        "exports-loader": "^0.7.0",
        "imports-loader": "^0.8.0",
        "path": "^0.12.7"
      }
    },
    "process": {
      "version": "0.11.10",
      "resolved": "https://registry.npmjs.org/process/-/process-0.11.10.tgz",
      "integrity": "sha1-czIwDoQBYb2j5podHZGn1LwW8YI="
    },
    "source-map": {
      "version": "0.5.0",
      "resolved": "https://registry.npmjs.org/source-map/-/source-map-0.5.0.tgz",
      "integrity": "sha1-D+llA6yGpa213mP05BKuSHLNvoY="
    },
    "three": {
      "version": "0.114.0",
      "resolved": "https://registry.npmjs.org/three/-/three-0.114.0.tgz",
      "integrity": "sha512-3av45FxJeqYm7Rl02dfGBoqTaf2a934oUB4zMNrN8xjmASoSGeeykYoAr35+UntTdJDY/STw6CY3KuXFBWETig==",
      "dev": true
    },
    "tslib": {
      "version": "1.11.1",
      "resolved": "https://registry.npmjs.org/tslib/-/tslib-1.11.1.tgz",
      "integrity": "sha512-aZW88SY8kQbU7gpV19lN24LtXh/yD4ZZg6qieAJDDg+YBsJcSmLGK9QpnUjAKVG/xefmvJGd1WUmfpT/g6AJGA=="
    },
    "util": {
      "version": "0.10.4",
      "resolved": "https://registry.npmjs.org/util/-/util-0.10.4.tgz",
      "integrity": "sha512-0Pm9hTQ3se5ll1XihRic3FDIku70C+iHUdT/W926rSgHV5QgXsYbKZN8MSC3tJtSkhuROzvsQjAaFENRXr+19A==",
      "requires": {
        "inherits": "2.0.3"
      }
    },
    "utils-extend": {
      "version": "1.0.8",
      "resolved": "https://registry.npmjs.org/utils-extend/-/utils-extend-1.0.8.tgz",
      "integrity": "sha1-zP17ZFQPjpDuIe7Fd2nQZRyril8=",
      "dev": true
    }
  }
}
